// !$*UTF8*$!
{
	archiveVersion = 1;
	classes = {
	};
	objectVersion = 46;
	objects = {
/* Begin PBXBuildFile section */
		0CBC293425AF43D7A41E1973 /* UIImage+CropScaleOrientation.m in Sources */ = {isa = PBXBuildFile; fileRef = 9B3E5D9373B14A55B183C23F /* UIImage+CropScaleOrientation.m */; };
		1D3623260D0F684500981E51 /* AppDelegate.m in Sources */ = {isa = PBXBuildFile; fileRef = 1D3623250D0F684500981E51 /* AppDelegate.m */; };
		1D60589B0D05DD56006BFB54 /* main.m in Sources */ = {isa = PBXBuildFile; fileRef = 29B97316FDCFA39411CA2CEA /* main.m */; };
		1EB9F75EE49E47CC9C68C3EC /* CDVLocalFilesystem.m in Sources */ = {isa = PBXBuildFile; fileRef = F009EBF90808433CB73D2442 /* CDVLocalFilesystem.m */; };
		22482541946C4550A3279009 /* AVFoundation.framework in Frameworks */ = {isa = PBXBuildFile; fileRef = 900DE4D75B494D909341C37E /* AVFoundation.framework */; };
		288765FD0DF74451002DB57D /* CoreGraphics.framework in Frameworks */ = {isa = PBXBuildFile; fileRef = 288765FC0DF74451002DB57D /* CoreGraphics.framework */; };
		2A65266E620142D0A3FBAFE1 /* QuartzCore.framework in Frameworks */ = {isa = PBXBuildFile; fileRef = 82FEEC7AA40545FE8C5B452A /* QuartzCore.framework */; };
		2DAD33BB5DFD46B9AE50D3E6 /* ImageIO.framework in Frameworks */ = {isa = PBXBuildFile; fileRef = 8598162B3A694D29BF5C137A /* ImageIO.framework */; settings = {ATTRIBUTES = (Weak, ); }; };
		301BF552109A68D80062928A /* libCordova.a in Frameworks */ = {isa = PBXBuildFile; fileRef = 301BF535109A57CC0062928A /* libCordova.a */; };
		302D95F114D2391D003F00A1 /* MainViewController.m in Sources */ = {isa = PBXBuildFile; fileRef = 302D95EF14D2391D003F00A1 /* MainViewController.m */; };
		302D95F214D2391D003F00A1 /* MainViewController.xib in Resources */ = {isa = PBXBuildFile; fileRef = 302D95F014D2391D003F00A1 /* MainViewController.xib */; };
		305D5FD1115AB8F900A74A75 /* MobileCoreServices.framework in Frameworks */ = {isa = PBXBuildFile; fileRef = 305D5FD0115AB8F900A74A75 /* MobileCoreServices.framework */; };
		3088BBBD154F3926009F9C59 /* Default-Landscape@2x~ipad.png in Resources */ = {isa = PBXBuildFile; fileRef = 3088BBB7154F3926009F9C59 /* Default-Landscape@2x~ipad.png */; };
		3088BBBE154F3926009F9C59 /* Default-Landscape~ipad.png in Resources */ = {isa = PBXBuildFile; fileRef = 3088BBB8154F3926009F9C59 /* Default-Landscape~ipad.png */; };
		3088BBBF154F3926009F9C59 /* Default-Portrait@2x~ipad.png in Resources */ = {isa = PBXBuildFile; fileRef = 3088BBB9154F3926009F9C59 /* Default-Portrait@2x~ipad.png */; };
		3088BBC0154F3926009F9C59 /* Default-Portrait~ipad.png in Resources */ = {isa = PBXBuildFile; fileRef = 3088BBBA154F3926009F9C59 /* Default-Portrait~ipad.png */; };
		3088BBC1154F3926009F9C59 /* Default@2x~iphone.png in Resources */ = {isa = PBXBuildFile; fileRef = 3088BBBB154F3926009F9C59 /* Default@2x~iphone.png */; };
		3088BBC2154F3926009F9C59 /* Default~iphone.png in Resources */ = {isa = PBXBuildFile; fileRef = 3088BBBC154F3926009F9C59 /* Default~iphone.png */; };
		308D05371370CCF300D202BF /* icon-72.png in Resources */ = {isa = PBXBuildFile; fileRef = 308D052E1370CCF300D202BF /* icon-72.png */; };
		308D05381370CCF300D202BF /* icon.png in Resources */ = {isa = PBXBuildFile; fileRef = 308D052F1370CCF300D202BF /* icon.png */; };
		308D05391370CCF300D202BF /* icon@2x.png in Resources */ = {isa = PBXBuildFile; fileRef = 308D05301370CCF300D202BF /* icon@2x.png */; };
		30B4F30019D5E07200D9F7D8 /* Default-667h.png in Resources */ = {isa = PBXBuildFile; fileRef = 30B4F2FD19D5E07200D9F7D8 /* Default-667h.png */; };
		30B4F30119D5E07200D9F7D8 /* Default-736h.png in Resources */ = {isa = PBXBuildFile; fileRef = 30B4F2FE19D5E07200D9F7D8 /* Default-736h.png */; };
		30B4F30219D5E07200D9F7D8 /* Default-Landscape-736h.png in Resources */ = {isa = PBXBuildFile; fileRef = 30B4F2FF19D5E07200D9F7D8 /* Default-Landscape-736h.png */; };
		30C1856619D5FC0A00212699 /* icon-60@3x.png in Resources */ = {isa = PBXBuildFile; fileRef = 30C1856519D5FC0A00212699 /* icon-60@3x.png */; };
		30FC414916E50CA1004E6F35 /* icon-72@2x.png in Resources */ = {isa = PBXBuildFile; fileRef = 30FC414816E50CA1004E6F35 /* icon-72@2x.png */; };
		3555A9287B9E42B5A93418FA /* CDVLogger.m in Sources */ = {isa = PBXBuildFile; fileRef = 973119CCD61D4CB68A3712E7 /* CDVLogger.m */; };
		3F2ABCBBB0EA43F7984DB0D1 /* libstdc++.6.dylib in Frameworks */ = {isa = PBXBuildFile; fileRef = E5CBF1F2513243FAB170F207 /* libstdc++.6.dylib */; };
		40529B6B8027452D9F93890F /* CDVFileTransfer.m in Sources */ = {isa = PBXBuildFile; fileRef = 403C598AEE054EE2B955A4C0 /* CDVFileTransfer.m */; };
		42148A531B709A5900FFD284 /* libc++.dylib in Frameworks */ = {isa = PBXBuildFile; fileRef = 42148A521B709A5900FFD284 /* libc++.dylib */; };
		42148A551B709A8400FFD284 /* libsqlite3.dylib in Frameworks */ = {isa = PBXBuildFile; fileRef = 42148A541B709A8400FFD284 /* libsqlite3.dylib */; };
		42148A561B709A9D00FFD284 /* libz.dylib in Frameworks */ = {isa = PBXBuildFile; fileRef = 7EF1043C154D461EBD880B26 /* libz.dylib */; };
		42193FDF1BA078A800AB4152 /* IonicKeyboard.m in Sources */ = {isa = PBXBuildFile; fileRef = 5C9A5424BC9B4AAA9C9B9426 /* IonicKeyboard.m */; };
		42193FE11BA16B7600AB4152 /* UIWebViewExtension.m in Sources */ = {isa = PBXBuildFile; fileRef = 0E50DD6AB69445F585C38F43 /* UIWebViewExtension.m */; };
		50C7CB0A13394B2588295AB2 /* libsqlite3.0.dylib in Frameworks */ = {isa = PBXBuildFile; fileRef = 79EFFCA2C390430C80D1F76F /* libsqlite3.0.dylib */; };
		51B3A426978047C2B6E5E2A6 /* Security.framework in Frameworks */ = {isa = PBXBuildFile; fileRef = 54A814A09BAF464E9F35DC62 /* Security.framework */; };
		5B1594DD16A7569C00FEF299 /* AssetsLibrary.framework in Frameworks */ = {isa = PBXBuildFile; fileRef = 5B1594DC16A7569C00FEF299 /* AssetsLibrary.framework */; };
		5F8C882AD5084D70A604BACB /* CDVSplashScreen.m in Sources */ = {isa = PBXBuildFile; fileRef = 1F9580C74BA346618044CCB7 /* CDVSplashScreen.m */; };
		614345B43A2D411DB2887C18 /* APPBadge.m in Sources */ = {isa = PBXBuildFile; fileRef = 0127E9DFED4B47788A7DA04B /* APPBadge.m */; };
		63C6466368B2460FA18985C2 /* libWeChatSDK.a in Frameworks */ = {isa = PBXBuildFile; fileRef = 4C6B15975E01464DA0B5B254 /* libWeChatSDK.a */; };
		7360565BFDC049479BC9E6E9 /* CDVViewController+SplashScreen.m in Sources */ = {isa = PBXBuildFile; fileRef = D42F41EE146E4FE283FF89C8 /* CDVViewController+SplashScreen.m */; };
		7E1109879E58444586F08DF1 /* CDVCamera.m in Sources */ = {isa = PBXBuildFile; fileRef = E4C2FD5D599C4E7DB6FAF707 /* CDVCamera.m */; };
		7E7966DE1810823500FA85AD /* icon-40.png in Resources */ = {isa = PBXBuildFile; fileRef = 7E7966D41810823500FA85AD /* icon-40.png */; };
		7E7966DF1810823500FA85AD /* icon-40@2x.png in Resources */ = {isa = PBXBuildFile; fileRef = 7E7966D51810823500FA85AD /* icon-40@2x.png */; };
		7E7966E01810823500FA85AD /* icon-50.png in Resources */ = {isa = PBXBuildFile; fileRef = 7E7966D61810823500FA85AD /* icon-50.png */; };
		7E7966E11810823500FA85AD /* icon-50@2x.png in Resources */ = {isa = PBXBuildFile; fileRef = 7E7966D71810823500FA85AD /* icon-50@2x.png */; };
		7E7966E21810823500FA85AD /* icon-60.png in Resources */ = {isa = PBXBuildFile; fileRef = 7E7966D81810823500FA85AD /* icon-60.png */; };
		7E7966E31810823500FA85AD /* icon-60@2x.png in Resources */ = {isa = PBXBuildFile; fileRef = 7E7966D91810823500FA85AD /* icon-60@2x.png */; };
		7E7966E41810823500FA85AD /* icon-76.png in Resources */ = {isa = PBXBuildFile; fileRef = 7E7966DA1810823500FA85AD /* icon-76.png */; };
		7E7966E51810823500FA85AD /* icon-76@2x.png in Resources */ = {isa = PBXBuildFile; fileRef = 7E7966DB1810823500FA85AD /* icon-76@2x.png */; };
		7E7966E61810823500FA85AD /* icon-small.png in Resources */ = {isa = PBXBuildFile; fileRef = 7E7966DC1810823500FA85AD /* icon-small.png */; };
		7E7966E71810823500FA85AD /* icon-small@2x.png in Resources */ = {isa = PBXBuildFile; fileRef = 7E7966DD1810823500FA85AD /* icon-small@2x.png */; };
		8E653597F7A148A889A542E6 /* CDVJpegHeaderWriter.m in Sources */ = {isa = PBXBuildFile; fileRef = 088390DC4F014D619DD4C22F /* CDVJpegHeaderWriter.m */; };
		99B2D069B9494170B3454F87 /* UIApplication+APPBadge.m in Sources */ = {isa = PBXBuildFile; fileRef = 398BF1DEE7A44A55B6069696 /* UIApplication+APPBadge.m */; };
		A789B22467EB4B49B4A2F4F9 /* CDVLocation.m in Sources */ = {isa = PBXBuildFile; fileRef = 7BAB2EAEB5ED43F1BF3B0F5D /* CDVLocation.m */; };
		B269A24C3148463DB3662DB9 /* libBPush.a in Frameworks */ = {isa = PBXBuildFile; fileRef = 80DBA320656E442F8C2F0EBB /* libBPush.a */; };
		B6F96859B5514D2AB05A1F68 /* LocationService.m in Sources */ = {isa = PBXBuildFile; fileRef = F98E3F294A9141F8B644517C /* LocationService.m */; };
		C6689D3CDAB04EF9BC9B8044 /* CoreLocation.framework in Frameworks */ = {isa = PBXBuildFile; fileRef = EE3E92C468A943F0B9AC23D0 /* CoreLocation.framework */; };
		C88BB645FFA94D269F774C0D /* CDVReachability.m in Sources */ = {isa = PBXBuildFile; fileRef = ED9E834B7F224E498BEE760E /* CDVReachability.m */; };
		CA46D4E764634826B02F1536 /* CDVWechat.m in Sources */ = {isa = PBXBuildFile; fileRef = E910DA508C08475F9315E659 /* CDVWechat.m */; };
		CFDB120EB65145DA94F4AFA0 /* Toast+UIView.m in Sources */ = {isa = PBXBuildFile; fileRef = D7B1862D54B142F28253EABC /* Toast+UIView.m */; };
		D4A0D8761607E02300AEF8BB /* Default-568h@2x~iphone.png in Resources */ = {isa = PBXBuildFile; fileRef = D4A0D8751607E02300AEF8BB /* Default-568h@2x~iphone.png */; };
		DD7D3DBCF97244FFA1BD377A /* AppDelegate+APPRegisterUserNotificationSettings.m in Sources */ = {isa = PBXBuildFile; fileRef = D1591F1842884FE4A9E8964F /* AppDelegate+APPRegisterUserNotificationSettings.m */; };
		E3F36D599B3F4482835F1B37 /* CDVConnection.m in Sources */ = {isa = PBXBuildFile; fileRef = 574F0869ADB7419398335C89 /* CDVConnection.m */; };
		E530AE7A926E4046B243AD3C /* CDVFile.m in Sources */ = {isa = PBXBuildFile; fileRef = CCA3EC35BF6E4899BB162532 /* CDVFile.m */; };
		EADDD445087D40329EFBC785 /* Toast.m in Sources */ = {isa = PBXBuildFile; fileRef = 9956F15B0E074613BB6C4A17 /* Toast.m */; };
		EF145B81189B464782DE7728 /* CDVAssetLibraryFilesystem.m in Sources */ = {isa = PBXBuildFile; fileRef = 2A9246CBC48D46728E33E3CF /* CDVAssetLibraryFilesystem.m */; };
		FEE2666E105E4795B1AAAB21 /* CDVDevice.m in Sources */ = {isa = PBXBuildFile; fileRef = F6CD1B4DFAAE4DE58AF83636 /* CDVDevice.m */; };
/* End PBXBuildFile section */

/* Begin PBXContainerItemProxy section */
		301BF534109A57CC0062928A /* PBXContainerItemProxy */ = {
			isa = PBXContainerItemProxy;
			containerPortal = 301BF52D109A57CC0062928A /* CordovaLib.xcodeproj */;
			proxyType = 2;
			remoteGlobalIDString = D2AAC07E0554694100DB518D;
			remoteInfo = CordovaLib;
		};
		301BF550109A68C00062928A /* PBXContainerItemProxy */ = {
			isa = PBXContainerItemProxy;
			containerPortal = 301BF52D109A57CC0062928A /* CordovaLib.xcodeproj */;
			proxyType = 1;
			remoteGlobalIDString = D2AAC07D0554694100DB518D;
			remoteInfo = CordovaLib;
		};
/* End PBXContainerItemProxy section */

/* Begin PBXFileReference section */
		005D7681C46C4E3FB8A0DDFB /* AppDelegate+APPRegisterUserNotificationSettings.h */ = {isa = PBXFileReference; fileEncoding = 4; lastKnownFileType = sourcecode.c.h; name = "AppDelegate+APPRegisterUserNotificationSettings.h"; path = "de.appplant.cordova.common.registerusernotificationsettings/AppDelegate+APPRegisterUserNotificationSettings.h"; sourceTree = "<group>"; };
		0127E9DFED4B47788A7DA04B /* APPBadge.m */ = {isa = PBXFileReference; fileEncoding = 4; lastKnownFileType = sourcecode.c.objc; name = APPBadge.m; path = de.appplant.cordova.plugin.badge/APPBadge.m; sourceTree = "<group>"; };
		042CC9D9C1004604BBB61C5B /* CDVDevice.h */ = {isa = PBXFileReference; fileEncoding = 4; lastKnownFileType = sourcecode.c.h; name = CDVDevice.h; path = "cordova-plugin-device/CDVDevice.h"; sourceTree = "<group>"; };
		088390DC4F014D619DD4C22F /* CDVJpegHeaderWriter.m */ = {isa = PBXFileReference; fileEncoding = 4; lastKnownFileType = sourcecode.c.objc; name = CDVJpegHeaderWriter.m; path = "cordova-plugin-camera/CDVJpegHeaderWriter.m"; sourceTree = "<group>"; };
		08BC1BCC57FA45758AE8ECF3 /* UIWebViewExtension.h */ = {isa = PBXFileReference; fileEncoding = 4; lastKnownFileType = sourcecode.c.h; name = UIWebViewExtension.h; path = com.ionic.keyboard/UIWebViewExtension.h; sourceTree = "<group>"; };
		0E50DD6AB69445F585C38F43 /* UIWebViewExtension.m */ = {isa = PBXFileReference; fileEncoding = 4; lastKnownFileType = sourcecode.c.objc; name = UIWebViewExtension.m; path = com.ionic.keyboard/UIWebViewExtension.m; sourceTree = "<group>"; };
		1D3623240D0F684500981E51 /* AppDelegate.h */ = {isa = PBXFileReference; fileEncoding = 4; lastKnownFileType = sourcecode.c.h; path = AppDelegate.h; sourceTree = "<group>"; };
		1D3623250D0F684500981E51 /* AppDelegate.m */ = {isa = PBXFileReference; fileEncoding = 4; lastKnownFileType = sourcecode.c.objc; path = AppDelegate.m; sourceTree = "<group>"; };
		1D6058910D05DD3D006BFB54 /* 餐馆无忧.app */ = {isa = PBXFileReference; explicitFileType = wrapper.application; includeInIndex = 0; path = "餐馆无忧.app"; sourceTree = BUILT_PRODUCTS_DIR; };
		1D75A534AD7C434B8EC7D663 /* Toast.h */ = {isa = PBXFileReference; fileEncoding = 4; lastKnownFileType = sourcecode.c.h; name = Toast.h; path = "nl.x-services.plugins.toast/Toast.h"; sourceTree = "<group>"; };
		1F9580C74BA346618044CCB7 /* CDVSplashScreen.m */ = {isa = PBXFileReference; fileEncoding = 4; lastKnownFileType = sourcecode.c.objc; name = CDVSplashScreen.m; path = "cordova-plugin-splashscreen/CDVSplashScreen.m"; sourceTree = "<group>"; };
		1FD9FA8335514ADB82B7F580 /* CDVViewController+SplashScreen.h */ = {isa = PBXFileReference; fileEncoding = 4; lastKnownFileType = sourcecode.c.h; name = "CDVViewController+SplashScreen.h"; path = "cordova-plugin-splashscreen/CDVViewController+SplashScreen.h"; sourceTree = "<group>"; };
		20D32474484C4570819E5813 /* CDVSplashScreen.h */ = {isa = PBXFileReference; fileEncoding = 4; lastKnownFileType = sourcecode.c.h; name = CDVSplashScreen.h; path = "cordova-plugin-splashscreen/CDVSplashScreen.h"; sourceTree = "<group>"; };
		2176B309CFCF4DBCBB3177B4 /* UIApplication+APPBadge.h */ = {isa = PBXFileReference; fileEncoding = 4; lastKnownFileType = sourcecode.c.h; name = "UIApplication+APPBadge.h"; path = "de.appplant.cordova.plugin.badge/UIApplication+APPBadge.h"; sourceTree = "<group>"; };
		288765FC0DF74451002DB57D /* CoreGraphics.framework */ = {isa = PBXFileReference; lastKnownFileType = wrapper.framework; name = CoreGraphics.framework; path = System/Library/Frameworks/CoreGraphics.framework; sourceTree = SDKROOT; };
		29103EDFE7E04A1F93A5CDFA /* CDVReachability.m */ = {isa = PBXFileReference; fileEncoding = 4; lastKnownFileType = sourcecode.c.objc; name = CDVReachability.m; path = "org.apache.cordova.network-information/CDVReachability.m"; sourceTree = "<group>"; };
		29B97316FDCFA39411CA2CEA /* main.m */ = {isa = PBXFileReference; fileEncoding = 4; lastKnownFileType = sourcecode.c.objc; path = main.m; sourceTree = "<group>"; };
		2A9246CBC48D46728E33E3CF /* CDVAssetLibraryFilesystem.m */ = {isa = PBXFileReference; fileEncoding = 4; lastKnownFileType = sourcecode.c.objc; name = CDVAssetLibraryFilesystem.m; path = "cordova-plugin-file/CDVAssetLibraryFilesystem.m"; sourceTree = "<group>"; };
		2D213242E9584340A32C922E /* WXApi.h */ = {isa = PBXFileReference; fileEncoding = 4; lastKnownFileType = sourcecode.c.h; name = WXApi.h; path = xu.li.cordova.wechat/WXApi.h; sourceTree = "<group>"; };
		301BF52D109A57CC0062928A /* CordovaLib.xcodeproj */ = {isa = PBXFileReference; lastKnownFileType = "wrapper.pb-project"; name = CordovaLib.xcodeproj; path = CordovaLib/CordovaLib.xcodeproj; sourceTree = "<group>"; };
		301BF56E109A69640062928A /* www */ = {isa = PBXFileReference; lastKnownFileType = folder; path = www; sourceTree = SOURCE_ROOT; };
		302D95EE14D2391D003F00A1 /* MainViewController.h */ = {isa = PBXFileReference; fileEncoding = 4; lastKnownFileType = sourcecode.c.h; path = MainViewController.h; sourceTree = "<group>"; };
		302D95EF14D2391D003F00A1 /* MainViewController.m */ = {isa = PBXFileReference; fileEncoding = 4; lastKnownFileType = sourcecode.c.objc; path = MainViewController.m; sourceTree = "<group>"; };
		302D95F014D2391D003F00A1 /* MainViewController.xib */ = {isa = PBXFileReference; fileEncoding = 4; lastKnownFileType = file.xib; path = MainViewController.xib; sourceTree = "<group>"; };
		305D5FD0115AB8F900A74A75 /* MobileCoreServices.framework */ = {isa = PBXFileReference; lastKnownFileType = wrapper.framework; name = MobileCoreServices.framework; path = System/Library/Frameworks/MobileCoreServices.framework; sourceTree = SDKROOT; };
		3088BBB7154F3926009F9C59 /* Default-Landscape@2x~ipad.png */ = {isa = PBXFileReference; lastKnownFileType = image.png; path = "Default-Landscape@2x~ipad.png"; sourceTree = "<group>"; };
		3088BBB8154F3926009F9C59 /* Default-Landscape~ipad.png */ = {isa = PBXFileReference; lastKnownFileType = image.png; path = "Default-Landscape~ipad.png"; sourceTree = "<group>"; };
		3088BBB9154F3926009F9C59 /* Default-Portrait@2x~ipad.png */ = {isa = PBXFileReference; lastKnownFileType = image.png; path = "Default-Portrait@2x~ipad.png"; sourceTree = "<group>"; };
		3088BBBA154F3926009F9C59 /* Default-Portrait~ipad.png */ = {isa = PBXFileReference; lastKnownFileType = image.png; path = "Default-Portrait~ipad.png"; sourceTree = "<group>"; };
		3088BBBB154F3926009F9C59 /* Default@2x~iphone.png */ = {isa = PBXFileReference; lastKnownFileType = image.png; path = "Default@2x~iphone.png"; sourceTree = "<group>"; };
		3088BBBC154F3926009F9C59 /* Default~iphone.png */ = {isa = PBXFileReference; lastKnownFileType = image.png; path = "Default~iphone.png"; sourceTree = "<group>"; };
		308D052E1370CCF300D202BF /* icon-72.png */ = {isa = PBXFileReference; lastKnownFileType = image.png; path = "icon-72.png"; sourceTree = "<group>"; };
		308D052F1370CCF300D202BF /* icon.png */ = {isa = PBXFileReference; lastKnownFileType = image.png; path = icon.png; sourceTree = "<group>"; };
		308D05301370CCF300D202BF /* icon@2x.png */ = {isa = PBXFileReference; lastKnownFileType = image.png; path = "icon@2x.png"; sourceTree = "<group>"; };
		30B4F2FD19D5E07200D9F7D8 /* Default-667h.png */ = {isa = PBXFileReference; lastKnownFileType = image.png; path = "Default-667h.png"; sourceTree = "<group>"; };
		30B4F2FE19D5E07200D9F7D8 /* Default-736h.png */ = {isa = PBXFileReference; lastKnownFileType = image.png; path = "Default-736h.png"; sourceTree = "<group>"; };
		30B4F2FF19D5E07200D9F7D8 /* Default-Landscape-736h.png */ = {isa = PBXFileReference; lastKnownFileType = image.png; path = "Default-Landscape-736h.png"; sourceTree = "<group>"; };
		30C1856519D5FC0A00212699 /* icon-60@3x.png */ = {isa = PBXFileReference; lastKnownFileType = image.png; path = "icon-60@3x.png"; sourceTree = "<group>"; };
		30FC414816E50CA1004E6F35 /* icon-72@2x.png */ = {isa = PBXFileReference; lastKnownFileType = image.png; path = "icon-72@2x.png"; sourceTree = "<group>"; };
		32CA4F630368D1EE00C91783 /* 餐馆无忧-Prefix.pch */ = {isa = PBXFileReference; fileEncoding = 4; lastKnownFileType = sourcecode.c.h; path = "餐馆无忧-Prefix.pch"; sourceTree = "<group>"; };
		334C1BC58AA84605B970DDF8 /* APPBadge.h */ = {isa = PBXFileReference; fileEncoding = 4; lastKnownFileType = sourcecode.c.h; name = APPBadge.h; path = de.appplant.cordova.plugin.badge/APPBadge.h; sourceTree = "<group>"; };
		377B89A6FA0449FB9E85A6C5 /* CDVReachability.h */ = {isa = PBXFileReference; fileEncoding = 4; lastKnownFileType = sourcecode.c.h; name = CDVReachability.h; path = "cordova-plugin-network-information/CDVReachability.h"; sourceTree = "<group>"; };
		384C5ACDA1244DC9ABF56271 /* CDVAssetLibraryFilesystem.h */ = {isa = PBXFileReference; fileEncoding = 4; lastKnownFileType = sourcecode.c.h; name = CDVAssetLibraryFilesystem.h; path = "cordova-plugin-file/CDVAssetLibraryFilesystem.h"; sourceTree = "<group>"; };
		398BF1DEE7A44A55B6069696 /* UIApplication+APPBadge.m */ = {isa = PBXFileReference; fileEncoding = 4; lastKnownFileType = sourcecode.c.objc; name = "UIApplication+APPBadge.m"; path = "de.appplant.cordova.plugin.badge/UIApplication+APPBadge.m"; sourceTree = "<group>"; };
		403C598AEE054EE2B955A4C0 /* CDVFileTransfer.m */ = {isa = PBXFileReference; fileEncoding = 4; lastKnownFileType = sourcecode.c.objc; name = CDVFileTransfer.m; path = "cordova-plugin-file-transfer/CDVFileTransfer.m"; sourceTree = "<group>"; };
		42148A521B709A5900FFD284 /* libc++.dylib */ = {isa = PBXFileReference; lastKnownFileType = "compiled.mach-o.dylib"; name = "libc++.dylib"; path = "usr/lib/libc++.dylib"; sourceTree = SDKROOT; };
		42148A541B709A8400FFD284 /* libsqlite3.dylib */ = {isa = PBXFileReference; lastKnownFileType = "compiled.mach-o.dylib"; name = libsqlite3.dylib; path = usr/lib/libsqlite3.dylib; sourceTree = SDKROOT; };
		4413F8FC40094D6E943824AE /* BPush.h */ = {isa = PBXFileReference; fileEncoding = 4; lastKnownFileType = sourcecode.c.h; name = BPush.h; path = com.qdc.plugins.baidu.push/BPush.h; sourceTree = "<group>"; };
		4C6B15975E01464DA0B5B254 /* libWeChatSDK.a */ = {isa = PBXFileReference; fileEncoding = 4; lastKnownFileType = archive.ar; name = libWeChatSDK.a; path = "餐馆无忧/Plugins/xu.li.cordova.wechat/libWeChatSDK.a"; sourceTree = "<group>"; };
		4D400F0FD81A48CD8B4A800B /* AppVersion.h */ = {isa = PBXFileReference; fileEncoding = 4; lastKnownFileType = sourcecode.c.h; name = AppVersion.h; path = uk.co.whiteoctober.cordova.appversion/AppVersion.h; sourceTree = "<group>"; };
		4FE21016F09443C1A9F06EE0 /* CDVReachability.h */ = {isa = PBXFileReference; fileEncoding = 4; lastKnownFileType = sourcecode.c.h; name = CDVReachability.h; path = "org.apache.cordova.network-information/CDVReachability.h"; sourceTree = "<group>"; };
		526BFBC037F64E16AC799EED /* CDVLocation.h */ = {isa = PBXFileReference; fileEncoding = 4; lastKnownFileType = sourcecode.c.h; name = CDVLocation.h; path = "cordova-plugin-geolocation/CDVLocation.h"; sourceTree = "<group>"; };
		54A814A09BAF464E9F35DC62 /* Security.framework */ = {isa = PBXFileReference; fileEncoding = 4; lastKnownFileType = wrapper.framework; name = Security.framework; path = System/Library/Frameworks/Security.framework; sourceTree = SDKROOT; };
		574F0869ADB7419398335C89 /* CDVConnection.m */ = {isa = PBXFileReference; fileEncoding = 4; lastKnownFileType = sourcecode.c.objc; name = CDVConnection.m; path = "cordova-plugin-network-information/CDVConnection.m"; sourceTree = "<group>"; };
		5B1594DC16A7569C00FEF299 /* AssetsLibrary.framework */ = {isa = PBXFileReference; lastKnownFileType = wrapper.framework; name = AssetsLibrary.framework; path = System/Library/Frameworks/AssetsLibrary.framework; sourceTree = SDKROOT; };
		5C9A5424BC9B4AAA9C9B9426 /* IonicKeyboard.m */ = {isa = PBXFileReference; fileEncoding = 4; lastKnownFileType = sourcecode.c.objc; name = IonicKeyboard.m; path = com.ionic.keyboard/IonicKeyboard.m; sourceTree = "<group>"; };
		6000B406DACE42E4B98A7072 /* SystemConfiguration.framework */ = {isa = PBXFileReference; fileEncoding = 4; lastKnownFileType = wrapper.framework; name = SystemConfiguration.framework; path = System/Library/Frameworks/SystemConfiguration.framework; sourceTree = SDKROOT; };
		618E51C55DCC4D45AF62F805 /* CDVConnection.h */ = {isa = PBXFileReference; fileEncoding = 4; lastKnownFileType = sourcecode.c.h; name = CDVConnection.h; path = "org.apache.cordova.network-information/CDVConnection.h"; sourceTree = "<group>"; };
		62EEB8DF267748FD9E509443 /* Toast+UIView.h */ = {isa = PBXFileReference; fileEncoding = 4; lastKnownFileType = sourcecode.c.h; name = "Toast+UIView.h"; path = "nl.x-services.plugins.toast/Toast+UIView.h"; sourceTree = "<group>"; };
		69B65A0F7D854EC291A72A1D /* CDVCamera.h */ = {isa = PBXFileReference; fileEncoding = 4; lastKnownFileType = sourcecode.c.h; name = CDVCamera.h; path = "cordova-plugin-camera/CDVCamera.h"; sourceTree = "<group>"; };
		6EFB97D06B5D430D92405120 /* CDVWechat.h */ = {isa = PBXFileReference; fileEncoding = 4; lastKnownFileType = sourcecode.c.h; name = CDVWechat.h; path = xu.li.cordova.wechat/CDVWechat.h; sourceTree = "<group>"; };
		79EFFCA2C390430C80D1F76F /* libsqlite3.0.dylib */ = {isa = PBXFileReference; fileEncoding = 4; lastKnownFileType = "compiled.mach-o.dylib"; name = libsqlite3.0.dylib; path = usr/lib/libsqlite3.0.dylib; sourceTree = SDKROOT; };
		7BAB2EAEB5ED43F1BF3B0F5D /* CDVLocation.m */ = {isa = PBXFileReference; fileEncoding = 4; lastKnownFileType = sourcecode.c.objc; name = CDVLocation.m; path = "cordova-plugin-geolocation/CDVLocation.m"; sourceTree = "<group>"; };
		7E74C0EB12D84BAA910735C1 /* BaiduPushPlugin.h */ = {isa = PBXFileReference; fileEncoding = 4; lastKnownFileType = sourcecode.c.h; name = BaiduPushPlugin.h; path = com.qdc.plugins.baidu.push/BaiduPushPlugin.h; sourceTree = "<group>"; };
		7E7966D41810823500FA85AD /* icon-40.png */ = {isa = PBXFileReference; lastKnownFileType = image.png; path = "icon-40.png"; sourceTree = "<group>"; };
		7E7966D51810823500FA85AD /* icon-40@2x.png */ = {isa = PBXFileReference; lastKnownFileType = image.png; path = "icon-40@2x.png"; sourceTree = "<group>"; };
		7E7966D61810823500FA85AD /* icon-50.png */ = {isa = PBXFileReference; lastKnownFileType = image.png; path = "icon-50.png"; sourceTree = "<group>"; };
		7E7966D71810823500FA85AD /* icon-50@2x.png */ = {isa = PBXFileReference; lastKnownFileType = image.png; path = "icon-50@2x.png"; sourceTree = "<group>"; };
		7E7966D81810823500FA85AD /* icon-60.png */ = {isa = PBXFileReference; lastKnownFileType = image.png; path = "icon-60.png"; sourceTree = "<group>"; };
		7E7966D91810823500FA85AD /* icon-60@2x.png */ = {isa = PBXFileReference; lastKnownFileType = image.png; path = "icon-60@2x.png"; sourceTree = "<group>"; };
		7E7966DA1810823500FA85AD /* icon-76.png */ = {isa = PBXFileReference; lastKnownFileType = image.png; path = "icon-76.png"; sourceTree = "<group>"; };
		7E7966DB1810823500FA85AD /* icon-76@2x.png */ = {isa = PBXFileReference; lastKnownFileType = image.png; path = "icon-76@2x.png"; sourceTree = "<group>"; };
		7E7966DC1810823500FA85AD /* icon-small.png */ = {isa = PBXFileReference; lastKnownFileType = image.png; path = "icon-small.png"; sourceTree = "<group>"; };
		7E7966DD1810823500FA85AD /* icon-small@2x.png */ = {isa = PBXFileReference; lastKnownFileType = image.png; path = "icon-small@2x.png"; sourceTree = "<group>"; };
		7EF1043C154D461EBD880B26 /* libz.dylib */ = {isa = PBXFileReference; fileEncoding = 4; lastKnownFileType = "compiled.mach-o.dylib"; name = libz.dylib; path = usr/lib/libz.dylib; sourceTree = SDKROOT; };
		80DBA320656E442F8C2F0EBB /* libBPush.a */ = {isa = PBXFileReference; fileEncoding = 4; lastKnownFileType = archive.ar; name = libBPush.a; path = "餐馆无忧/Plugins/com.qdc.plugins.baidu.push/libBPush.a"; sourceTree = "<group>"; };
		82FEEC7AA40545FE8C5B452A /* QuartzCore.framework */ = {isa = PBXFileReference; fileEncoding = 4; lastKnownFileType = wrapper.framework; name = QuartzCore.framework; path = System/Library/Frameworks/QuartzCore.framework; sourceTree = SDKROOT; };
		8598162B3A694D29BF5C137A /* ImageIO.framework */ = {isa = PBXFileReference; fileEncoding = 4; lastKnownFileType = wrapper.framework; name = ImageIO.framework; path = System/Library/Frameworks/ImageIO.framework; sourceTree = SDKROOT; };
		8BA476B794E74D1B8BD3C2A8 /* CDVFile.h */ = {isa = PBXFileReference; fileEncoding = 4; lastKnownFileType = sourcecode.c.h; name = CDVFile.h; path = "cordova-plugin-file/CDVFile.h"; sourceTree = "<group>"; };
		8D1107310486CEB800E47090 /* 餐馆无忧-Info.plist */ = {isa = PBXFileReference; fileEncoding = 4; lastKnownFileType = text.plist.xml; name = "餐馆无忧-Info.plist"; path = "../餐馆无忧-Info.plist"; plistStructureDefinitionIdentifier = "com.apple.xcode.plist.structure-definition.iphone.info-plist"; sourceTree = "<group>"; };
		900DE4D75B494D909341C37E /* AVFoundation.framework */ = {isa = PBXFileReference; fileEncoding = 4; lastKnownFileType = wrapper.framework; name = AVFoundation.framework; path = System/Library/Frameworks/AVFoundation.framework; sourceTree = SDKROOT; };
		941AB4850FA84BB0ABCED4F1 /* CDVConnection.h */ = {isa = PBXFileReference; fileEncoding = 4; lastKnownFileType = sourcecode.c.h; name = CDVConnection.h; path = "cordova-plugin-network-information/CDVConnection.h"; sourceTree = "<group>"; };
		973119CCD61D4CB68A3712E7 /* CDVLogger.m */ = {isa = PBXFileReference; fileEncoding = 4; lastKnownFileType = sourcecode.c.objc; name = CDVLogger.m; path = "cordova-plugin-console/CDVLogger.m"; sourceTree = "<group>"; };
		9956F15B0E074613BB6C4A17 /* Toast.m */ = {isa = PBXFileReference; fileEncoding = 4; lastKnownFileType = sourcecode.c.objc; name = Toast.m; path = "nl.x-services.plugins.toast/Toast.m"; sourceTree = "<group>"; };
		9B3E5D9373B14A55B183C23F /* UIImage+CropScaleOrientation.m */ = {isa = PBXFileReference; fileEncoding = 4; lastKnownFileType = sourcecode.c.objc; name = "UIImage+CropScaleOrientation.m"; path = "cordova-plugin-camera/UIImage+CropScaleOrientation.m"; sourceTree = "<group>"; };
		A410ED8322874E50813976F4 /* UIImage+CropScaleOrientation.h */ = {isa = PBXFileReference; fileEncoding = 4; lastKnownFileType = sourcecode.c.h; name = "UIImage+CropScaleOrientation.h"; path = "cordova-plugin-camera/UIImage+CropScaleOrientation.h"; sourceTree = "<group>"; };
		B269DDF58A6F479FAC96E9B2 /* CDVJpegHeaderWriter.h */ = {isa = PBXFileReference; fileEncoding = 4; lastKnownFileType = sourcecode.c.h; name = CDVJpegHeaderWriter.h; path = "cordova-plugin-camera/CDVJpegHeaderWriter.h"; sourceTree = "<group>"; };
		B46DFD0C88E745F58B27437E /* IonicKeyboard.h */ = {isa = PBXFileReference; fileEncoding = 4; lastKnownFileType = sourcecode.c.h; name = IonicKeyboard.h; path = com.ionic.keyboard/IonicKeyboard.h; sourceTree = "<group>"; };
		B8FC62C05A7746A79E29C01B /* WXApiObject.h */ = {isa = PBXFileReference; fileEncoding = 4; lastKnownFileType = sourcecode.c.h; name = WXApiObject.h; path = xu.li.cordova.wechat/WXApiObject.h; sourceTree = "<group>"; };
		BE315F5944744BE8B08A8634 /* CDVLocalFilesystem.h */ = {isa = PBXFileReference; fileEncoding = 4; lastKnownFileType = sourcecode.c.h; name = CDVLocalFilesystem.h; path = "cordova-plugin-file/CDVLocalFilesystem.h"; sourceTree = "<group>"; };
		C3A9C32AE95D4A98AB9040BF /* CDVFileTransfer.h */ = {isa = PBXFileReference; fileEncoding = 4; lastKnownFileType = sourcecode.c.h; name = CDVFileTransfer.h; path = "cordova-plugin-file-transfer/CDVFileTransfer.h"; sourceTree = "<group>"; };
		CCA3EC35BF6E4899BB162532 /* CDVFile.m */ = {isa = PBXFileReference; fileEncoding = 4; lastKnownFileType = sourcecode.c.objc; name = CDVFile.m; path = "cordova-plugin-file/CDVFile.m"; sourceTree = "<group>"; };
		D1591F1842884FE4A9E8964F /* AppDelegate+APPRegisterUserNotificationSettings.m */ = {isa = PBXFileReference; fileEncoding = 4; lastKnownFileType = sourcecode.c.objc; name = "AppDelegate+APPRegisterUserNotificationSettings.m"; path = "de.appplant.cordova.common.registerusernotificationsettings/AppDelegate+APPRegisterUserNotificationSettings.m"; sourceTree = "<group>"; };
		D31CE62B9A8949CFBFCBA6A4 /* Foundation.framework */ = {isa = PBXFileReference; fileEncoding = 4; lastKnownFileType = wrapper.framework; name = Foundation.framework; path = System/Library/Frameworks/Foundation.framework; sourceTree = SDKROOT; };
		D42F41EE146E4FE283FF89C8 /* CDVViewController+SplashScreen.m */ = {isa = PBXFileReference; fileEncoding = 4; lastKnownFileType = sourcecode.c.objc; name = "CDVViewController+SplashScreen.m"; path = "cordova-plugin-splashscreen/CDVViewController+SplashScreen.m"; sourceTree = "<group>"; };
		D4A0D8751607E02300AEF8BB /* Default-568h@2x~iphone.png */ = {isa = PBXFileReference; lastKnownFileType = image.png; path = "Default-568h@2x~iphone.png"; sourceTree = "<group>"; };
		D7B1862D54B142F28253EABC /* Toast+UIView.m */ = {isa = PBXFileReference; fileEncoding = 4; lastKnownFileType = sourcecode.c.objc; name = "Toast+UIView.m"; path = "nl.x-services.plugins.toast/Toast+UIView.m"; sourceTree = "<group>"; };
		E4C2FD5D599C4E7DB6FAF707 /* CDVCamera.m */ = {isa = PBXFileReference; fileEncoding = 4; lastKnownFileType = sourcecode.c.objc; name = CDVCamera.m; path = "cordova-plugin-camera/CDVCamera.m"; sourceTree = "<group>"; };
		E5CBF1F2513243FAB170F207 /* libstdc++.6.dylib */ = {isa = PBXFileReference; fileEncoding = 4; lastKnownFileType = "compiled.mach-o.dylib"; name = "libstdc++.6.dylib"; path = "usr/lib/libstdc++.6.dylib"; sourceTree = SDKROOT; };
		E6DCE50004764C479ACD114C /* BaiduPushPlugin.m */ = {isa = PBXFileReference; fileEncoding = 4; lastKnownFileType = sourcecode.c.objc; name = BaiduPushPlugin.m; path = com.qdc.plugins.baidu.push/BaiduPushPlugin.m; sourceTree = "<group>"; };
		E910DA508C08475F9315E659 /* CDVWechat.m */ = {isa = PBXFileReference; fileEncoding = 4; lastKnownFileType = sourcecode.c.objc; name = CDVWechat.m; path = xu.li.cordova.wechat/CDVWechat.m; sourceTree = "<group>"; };
		EB2D7F2BB73745538140F856 /* CDVLogger.h */ = {isa = PBXFileReference; fileEncoding = 4; lastKnownFileType = sourcecode.c.h; name = CDVLogger.h; path = "cordova-plugin-console/CDVLogger.h"; sourceTree = "<group>"; };
		EB87FDF21871DA7A0020F90C /* merges */ = {isa = PBXFileReference; lastKnownFileType = folder; name = merges; path = ../../merges; sourceTree = "<group>"; };
		EB87FDF31871DA8E0020F90C /* www */ = {isa = PBXFileReference; lastKnownFileType = folder; name = www; path = ../../www; sourceTree = "<group>"; };
		EB87FDF41871DAF40020F90C /* config.xml */ = {isa = PBXFileReference; lastKnownFileType = text.xml; name = config.xml; path = ../../config.xml; sourceTree = "<group>"; };
		ED9E834B7F224E498BEE760E /* CDVReachability.m */ = {isa = PBXFileReference; fileEncoding = 4; lastKnownFileType = sourcecode.c.objc; name = CDVReachability.m; path = "cordova-plugin-network-information/CDVReachability.m"; sourceTree = "<group>"; };
		EE3E92C468A943F0B9AC23D0 /* CoreLocation.framework */ = {isa = PBXFileReference; fileEncoding = 4; lastKnownFileType = wrapper.framework; name = CoreLocation.framework; path = System/Library/Frameworks/CoreLocation.framework; sourceTree = SDKROOT; };
		EFACE5BCFC70437F903516C0 /* CDVExif.h */ = {isa = PBXFileReference; fileEncoding = 4; lastKnownFileType = sourcecode.c.h; name = CDVExif.h; path = "cordova-plugin-camera/CDVExif.h"; sourceTree = "<group>"; };
		F009EBF90808433CB73D2442 /* CDVLocalFilesystem.m */ = {isa = PBXFileReference; fileEncoding = 4; lastKnownFileType = sourcecode.c.objc; name = CDVLocalFilesystem.m; path = "cordova-plugin-file/CDVLocalFilesystem.m"; sourceTree = "<group>"; };
		F6CD1B4DFAAE4DE58AF83636 /* CDVDevice.m */ = {isa = PBXFileReference; fileEncoding = 4; lastKnownFileType = sourcecode.c.objc; name = CDVDevice.m; path = "cordova-plugin-device/CDVDevice.m"; sourceTree = "<group>"; };
		F840E1F0165FE0F500CFE078 /* config.xml */ = {isa = PBXFileReference; lastKnownFileType = text.xml; name = config.xml; path = "餐馆无忧/config.xml"; sourceTree = "<group>"; };
		F98E3F294A9141F8B644517C /* LocationService.m */ = {isa = PBXFileReference; fileEncoding = 4; lastKnownFileType = sourcecode.c.objc; name = LocationService.m; path = com.mishu.plugin.locationservice/LocationService.m; sourceTree = "<group>"; };
		FB3DE0DDEE8049E7AA606223 /* CDVConnection.m */ = {isa = PBXFileReference; fileEncoding = 4; lastKnownFileType = sourcecode.c.objc; name = CDVConnection.m; path = "org.apache.cordova.network-information/CDVConnection.m"; sourceTree = "<group>"; };
		FB41CA23E1D34F5D8153C209 /* CoreTelephony.framework */ = {isa = PBXFileReference; fileEncoding = 4; lastKnownFileType = wrapper.framework; name = CoreTelephony.framework; path = System/Library/Frameworks/CoreTelephony.framework; sourceTree = SDKROOT; };
		FF919321633D4908A73BE361 /* AppVersion.m */ = {isa = PBXFileReference; fileEncoding = 4; lastKnownFileType = sourcecode.c.objc; name = AppVersion.m; path = uk.co.whiteoctober.cordova.appversion/AppVersion.m; sourceTree = "<group>"; };
/* End PBXFileReference section */

/* Begin PBXFrameworksBuildPhase section */
		1D60588F0D05DD3D006BFB54 /* Frameworks */ = {
			isa = PBXFrameworksBuildPhase;
			buildActionMask = 2147483647;
			files = (
				42148A561B709A9D00FFD284 /* libz.dylib in Frameworks */,
				42148A551B709A8400FFD284 /* libsqlite3.dylib in Frameworks */,
				42148A531B709A5900FFD284 /* libc++.dylib in Frameworks */,
				5B1594DD16A7569C00FEF299 /* AssetsLibrary.framework in Frameworks */,
				301BF552109A68D80062928A /* libCordova.a in Frameworks */,
				288765FD0DF74451002DB57D /* CoreGraphics.framework in Frameworks */,
				305D5FD1115AB8F900A74A75 /* MobileCoreServices.framework in Frameworks */,
				2DAD33BB5DFD46B9AE50D3E6 /* ImageIO.framework in Frameworks */,
				C6689D3CDAB04EF9BC9B8044 /* CoreLocation.framework in Frameworks */,
				22482541946C4550A3279009 /* AVFoundation.framework in Frameworks */,
				2A65266E620142D0A3FBAFE1 /* QuartzCore.framework in Frameworks */,
				63C6466368B2460FA18985C2 /* libWeChatSDK.a in Frameworks */,
				50C7CB0A13394B2588295AB2 /* libsqlite3.0.dylib in Frameworks */,
				51B3A426978047C2B6E5E2A6 /* Security.framework in Frameworks */,
				3F2ABCBBB0EA43F7984DB0D1 /* libstdc++.6.dylib in Frameworks */,
				B269A24C3148463DB3662DB9 /* libBPush.a in Frameworks */,
			);
			runOnlyForDeploymentPostprocessing = 0;
		};
/* End PBXFrameworksBuildPhase section */

/* Begin PBXGroup section */
		080E96DDFE201D6D7F000001 /* Classes */ = {
			isa = PBXGroup;
			children = (
				302D95EE14D2391D003F00A1 /* MainViewController.h */,
				302D95EF14D2391D003F00A1 /* MainViewController.m */,
				302D95F014D2391D003F00A1 /* MainViewController.xib */,
				1D3623240D0F684500981E51 /* AppDelegate.h */,
				1D3623250D0F684500981E51 /* AppDelegate.m */,
			);
			name = Classes;
			path = "餐馆无忧/Classes";
			sourceTree = SOURCE_ROOT;
		};
		19C28FACFE9D520D11CA2CBB /* Products */ = {
			isa = PBXGroup;
			children = (
				1D6058910D05DD3D006BFB54 /* 餐馆无忧.app */,
			);
			name = Products;
			sourceTree = "<group>";
		};
		29B97314FDCFA39411CA2CEA /* CustomTemplate */ = {
			isa = PBXGroup;
			children = (
				EB87FDF41871DAF40020F90C /* config.xml */,
				EB87FDF31871DA8E0020F90C /* www */,
				EB87FDF21871DA7A0020F90C /* merges */,
				EB87FDF11871DA420020F90C /* Staging */,
				301BF52D109A57CC0062928A /* CordovaLib.xcodeproj */,
				080E96DDFE201D6D7F000001 /* Classes */,
				307C750510C5A3420062BCA9 /* Plugins */,
				29B97315FDCFA39411CA2CEA /* Other Sources */,
				29B97317FDCFA39411CA2CEA /* Resources */,
				29B97323FDCFA39411CA2CEA /* Frameworks */,
				19C28FACFE9D520D11CA2CBB /* Products */,
			);
			name = CustomTemplate;
			sourceTree = "<group>";
		};
		29B97315FDCFA39411CA2CEA /* Other Sources */ = {
			isa = PBXGroup;
			children = (
				32CA4F630368D1EE00C91783 /* 餐馆无忧-Prefix.pch */,
				29B97316FDCFA39411CA2CEA /* main.m */,
			);
			name = "Other Sources";
			path = "餐馆无忧";
			sourceTree = "<group>";
		};
		29B97317FDCFA39411CA2CEA /* Resources */ = {
			isa = PBXGroup;
			children = (
				308D052D1370CCF300D202BF /* icons */,
				308D05311370CCF300D202BF /* splash */,
				8D1107310486CEB800E47090 /* 餐馆无忧-Info.plist */,
			);
			name = Resources;
			path = "餐馆无忧/Resources";
			sourceTree = "<group>";
		};
		29B97323FDCFA39411CA2CEA /* Frameworks */ = {
			isa = PBXGroup;
			children = (
				42148A541B709A8400FFD284 /* libsqlite3.dylib */,
				42148A521B709A5900FFD284 /* libc++.dylib */,
				5B1594DC16A7569C00FEF299 /* AssetsLibrary.framework */,
				288765FC0DF74451002DB57D /* CoreGraphics.framework */,
				305D5FD0115AB8F900A74A75 /* MobileCoreServices.framework */,
				7EF1043C154D461EBD880B26 /* libz.dylib */,
				D31CE62B9A8949CFBFCBA6A4 /* Foundation.framework */,
				FB41CA23E1D34F5D8153C209 /* CoreTelephony.framework */,
				6000B406DACE42E4B98A7072 /* SystemConfiguration.framework */,
				8598162B3A694D29BF5C137A /* ImageIO.framework */,
				EE3E92C468A943F0B9AC23D0 /* CoreLocation.framework */,
				900DE4D75B494D909341C37E /* AVFoundation.framework */,
				82FEEC7AA40545FE8C5B452A /* QuartzCore.framework */,
				4C6B15975E01464DA0B5B254 /* libWeChatSDK.a */,
				79EFFCA2C390430C80D1F76F /* libsqlite3.0.dylib */,
				54A814A09BAF464E9F35DC62 /* Security.framework */,
				E5CBF1F2513243FAB170F207 /* libstdc++.6.dylib */,
				80DBA320656E442F8C2F0EBB /* libBPush.a */,
			);
			name = Frameworks;
			sourceTree = "<group>";
		};
		301BF52E109A57CC0062928A /* Products */ = {
			isa = PBXGroup;
			children = (
				301BF535109A57CC0062928A /* libCordova.a */,
			);
			name = Products;
			sourceTree = "<group>";
		};
		307C750510C5A3420062BCA9 /* Plugins */ = {
			isa = PBXGroup;
			children = (
				5C9A5424BC9B4AAA9C9B9426 /* IonicKeyboard.m */,
				0E50DD6AB69445F585C38F43 /* UIWebViewExtension.m */,
				B46DFD0C88E745F58B27437E /* IonicKeyboard.h */,
				08BC1BCC57FA45758AE8ECF3 /* UIWebViewExtension.h */,
				E6DCE50004764C479ACD114C /* BaiduPushPlugin.m */,
				7E74C0EB12D84BAA910735C1 /* BaiduPushPlugin.h */,
				4413F8FC40094D6E943824AE /* BPush.h */,
				9B3E5D9373B14A55B183C23F /* UIImage+CropScaleOrientation.m */,
				E4C2FD5D599C4E7DB6FAF707 /* CDVCamera.m */,
				088390DC4F014D619DD4C22F /* CDVJpegHeaderWriter.m */,
				A410ED8322874E50813976F4 /* UIImage+CropScaleOrientation.h */,
				69B65A0F7D854EC291A72A1D /* CDVCamera.h */,
				B269DDF58A6F479FAC96E9B2 /* CDVJpegHeaderWriter.h */,
				EFACE5BCFC70437F903516C0 /* CDVExif.h */,
				973119CCD61D4CB68A3712E7 /* CDVLogger.m */,
				EB2D7F2BB73745538140F856 /* CDVLogger.h */,
				F6CD1B4DFAAE4DE58AF83636 /* CDVDevice.m */,
				042CC9D9C1004604BBB61C5B /* CDVDevice.h */,
				1F9580C74BA346618044CCB7 /* CDVSplashScreen.m */,
				D42F41EE146E4FE283FF89C8 /* CDVViewController+SplashScreen.m */,
				20D32474484C4570819E5813 /* CDVSplashScreen.h */,
				1FD9FA8335514ADB82B7F580 /* CDVViewController+SplashScreen.h */,
				D7B1862D54B142F28253EABC /* Toast+UIView.m */,
				9956F15B0E074613BB6C4A17 /* Toast.m */,
				62EEB8DF267748FD9E509443 /* Toast+UIView.h */,
				1D75A534AD7C434B8EC7D663 /* Toast.h */,
				FF919321633D4908A73BE361 /* AppVersion.m */,
				4D400F0FD81A48CD8B4A800B /* AppVersion.h */,
				7BAB2EAEB5ED43F1BF3B0F5D /* CDVLocation.m */,
				526BFBC037F64E16AC799EED /* CDVLocation.h */,
				CCA3EC35BF6E4899BB162532 /* CDVFile.m */,
				F009EBF90808433CB73D2442 /* CDVLocalFilesystem.m */,
				2A9246CBC48D46728E33E3CF /* CDVAssetLibraryFilesystem.m */,
				8BA476B794E74D1B8BD3C2A8 /* CDVFile.h */,
				BE315F5944744BE8B08A8634 /* CDVLocalFilesystem.h */,
				384C5ACDA1244DC9ABF56271 /* CDVAssetLibraryFilesystem.h */,
				403C598AEE054EE2B955A4C0 /* CDVFileTransfer.m */,
				C3A9C32AE95D4A98AB9040BF /* CDVFileTransfer.h */,
				E910DA508C08475F9315E659 /* CDVWechat.m */,
				6EFB97D06B5D430D92405120 /* CDVWechat.h */,
				2D213242E9584340A32C922E /* WXApi.h */,
				B8FC62C05A7746A79E29C01B /* WXApiObject.h */,
				FB3DE0DDEE8049E7AA606223 /* CDVConnection.m */,
				29103EDFE7E04A1F93A5CDFA /* CDVReachability.m */,
				618E51C55DCC4D45AF62F805 /* CDVConnection.h */,
				4FE21016F09443C1A9F06EE0 /* CDVReachability.h */,
				D1591F1842884FE4A9E8964F /* AppDelegate+APPRegisterUserNotificationSettings.m */,
				005D7681C46C4E3FB8A0DDFB /* AppDelegate+APPRegisterUserNotificationSettings.h */,
				0127E9DFED4B47788A7DA04B /* APPBadge.m */,
				398BF1DEE7A44A55B6069696 /* UIApplication+APPBadge.m */,
				334C1BC58AA84605B970DDF8 /* APPBadge.h */,
				2176B309CFCF4DBCBB3177B4 /* UIApplication+APPBadge.h */,
				574F0869ADB7419398335C89 /* CDVConnection.m */,
				ED9E834B7F224E498BEE760E /* CDVReachability.m */,
				941AB4850FA84BB0ABCED4F1 /* CDVConnection.h */,
				377B89A6FA0449FB9E85A6C5 /* CDVReachability.h */,
				F98E3F294A9141F8B644517C /* LocationService.m */,
			);
			name = Plugins;
			path = "餐馆无忧/Plugins";
			sourceTree = SOURCE_ROOT;
		};
		308D052D1370CCF300D202BF /* icons */ = {
			isa = PBXGroup;
			children = (
				30C1856519D5FC0A00212699 /* icon-60@3x.png */,
				7E7966D41810823500FA85AD /* icon-40.png */,
				7E7966D51810823500FA85AD /* icon-40@2x.png */,
				7E7966D61810823500FA85AD /* icon-50.png */,
				7E7966D71810823500FA85AD /* icon-50@2x.png */,
				7E7966D81810823500FA85AD /* icon-60.png */,
				7E7966D91810823500FA85AD /* icon-60@2x.png */,
				7E7966DA1810823500FA85AD /* icon-76.png */,
				7E7966DB1810823500FA85AD /* icon-76@2x.png */,
				7E7966DC1810823500FA85AD /* icon-small.png */,
				7E7966DD1810823500FA85AD /* icon-small@2x.png */,
				30FC414816E50CA1004E6F35 /* icon-72@2x.png */,
				308D052E1370CCF300D202BF /* icon-72.png */,
				308D052F1370CCF300D202BF /* icon.png */,
				308D05301370CCF300D202BF /* icon@2x.png */,
			);
			path = icons;
			sourceTree = "<group>";
		};
		308D05311370CCF300D202BF /* splash */ = {
			isa = PBXGroup;
			children = (
				30B4F2FD19D5E07200D9F7D8 /* Default-667h.png */,
				30B4F2FE19D5E07200D9F7D8 /* Default-736h.png */,
				30B4F2FF19D5E07200D9F7D8 /* Default-Landscape-736h.png */,
				D4A0D8751607E02300AEF8BB /* Default-568h@2x~iphone.png */,
				3088BBB7154F3926009F9C59 /* Default-Landscape@2x~ipad.png */,
				3088BBB8154F3926009F9C59 /* Default-Landscape~ipad.png */,
				3088BBB9154F3926009F9C59 /* Default-Portrait@2x~ipad.png */,
				3088BBBA154F3926009F9C59 /* Default-Portrait~ipad.png */,
				3088BBBB154F3926009F9C59 /* Default@2x~iphone.png */,
				3088BBBC154F3926009F9C59 /* Default~iphone.png */,
			);
			path = splash;
			sourceTree = "<group>";
		};
		EB87FDF11871DA420020F90C /* Staging */ = {
			isa = PBXGroup;
			children = (
				F840E1F0165FE0F500CFE078 /* config.xml */,
				301BF56E109A69640062928A /* www */,
			);
			name = Staging;
			sourceTree = "<group>";
		};
/* End PBXGroup section */

/* Begin PBXNativeTarget section */
		1D6058900D05DD3D006BFB54 /* 餐馆无忧 */ = {
			isa = PBXNativeTarget;
			buildConfigurationList = 1D6058960D05DD3E006BFB54 /* Build configuration list for PBXNativeTarget "餐馆无忧" */;
			buildPhases = (
				304B58A110DAC018002A0835 /* Copy www directory */,
				1D60588D0D05DD3D006BFB54 /* Resources */,
				1D60588E0D05DD3D006BFB54 /* Sources */,
				1D60588F0D05DD3D006BFB54 /* Frameworks */,
			);
			buildRules = (
			);
			dependencies = (
				301BF551109A68C00062928A /* PBXTargetDependency */,
			);
			name = "餐馆无忧";
			productName = "餐馆无忧";
			productReference = 1D6058910D05DD3D006BFB54 /* 餐馆无忧.app */;
			productType = "com.apple.product-type.application";
		};
/* End PBXNativeTarget section */

/* Begin PBXProject section */
		29B97313FDCFA39411CA2CEA /* Project object */ = {
			isa = PBXProject;
			attributes = {
				LastUpgradeCheck = 700;
				TargetAttributes = {
					1D6058900D05DD3D006BFB54 = {
						DevelopmentTeam = APR939KG3W;
						SystemCapabilities = {
							com.apple.BackgroundModes = {
								enabled = 1;
							};
						};
					};
				};
			};
			buildConfigurationList = C01FCF4E08A954540054247B /* Build configuration list for PBXProject "餐馆无忧" */;
			compatibilityVersion = "Xcode 3.2";
			developmentRegion = English;
			hasScannedForEncodings = 1;
			knownRegions = (
				English,
				Japanese,
				French,
				German,
				en,
				es,
				de,
				se,
			);
			mainGroup = 29B97314FDCFA39411CA2CEA /* CustomTemplate */;
			projectDirPath = "";
			projectReferences = (
				{
					ProductGroup = 301BF52E109A57CC0062928A /* Products */;
					ProjectRef = 301BF52D109A57CC0062928A /* CordovaLib.xcodeproj */;
				},
			);
			projectRoot = "";
			targets = (
				1D6058900D05DD3D006BFB54 /* 餐馆无忧 */,
			);
		};
/* End PBXProject section */

/* Begin PBXReferenceProxy section */
		301BF535109A57CC0062928A /* libCordova.a */ = {
			isa = PBXReferenceProxy;
			fileType = archive.ar;
			path = libCordova.a;
			remoteRef = 301BF534109A57CC0062928A /* PBXContainerItemProxy */;
			sourceTree = BUILT_PRODUCTS_DIR;
		};
/* End PBXReferenceProxy section */

/* Begin PBXResourcesBuildPhase section */
		1D60588D0D05DD3D006BFB54 /* Resources */ = {
			isa = PBXResourcesBuildPhase;
			buildActionMask = 2147483647;
			files = (
				7E7966E41810823500FA85AD /* icon-76.png in Resources */,
				7E7966DF1810823500FA85AD /* icon-40@2x.png in Resources */,
				308D05371370CCF300D202BF /* icon-72.png in Resources */,
				30B4F30119D5E07200D9F7D8 /* Default-736h.png in Resources */,
				308D05381370CCF300D202BF /* icon.png in Resources */,
				308D05391370CCF300D202BF /* icon@2x.png in Resources */,
				302D95F214D2391D003F00A1 /* MainViewController.xib in Resources */,
				7E7966E01810823500FA85AD /* icon-50.png in Resources */,
				7E7966E31810823500FA85AD /* icon-60@2x.png in Resources */,
				7E7966E61810823500FA85AD /* icon-small.png in Resources */,
				3088BBBD154F3926009F9C59 /* Default-Landscape@2x~ipad.png in Resources */,
				3088BBBE154F3926009F9C59 /* Default-Landscape~ipad.png in Resources */,
				3088BBBF154F3926009F9C59 /* Default-Portrait@2x~ipad.png in Resources */,
				7E7966E71810823500FA85AD /* icon-small@2x.png in Resources */,
				3088BBC0154F3926009F9C59 /* Default-Portrait~ipad.png in Resources */,
				30B4F30019D5E07200D9F7D8 /* Default-667h.png in Resources */,
				7E7966DE1810823500FA85AD /* icon-40.png in Resources */,
				3088BBC1154F3926009F9C59 /* Default@2x~iphone.png in Resources */,
				7E7966E21810823500FA85AD /* icon-60.png in Resources */,
				3088BBC2154F3926009F9C59 /* Default~iphone.png in Resources */,
				D4A0D8761607E02300AEF8BB /* Default-568h@2x~iphone.png in Resources */,
				30B4F30219D5E07200D9F7D8 /* Default-Landscape-736h.png in Resources */,
				30C1856619D5FC0A00212699 /* icon-60@3x.png in Resources */,
				7E7966E11810823500FA85AD /* icon-50@2x.png in Resources */,
				7E7966E51810823500FA85AD /* icon-76@2x.png in Resources */,
				30FC414916E50CA1004E6F35 /* icon-72@2x.png in Resources */,
			);
			runOnlyForDeploymentPostprocessing = 0;
		};
/* End PBXResourcesBuildPhase section */

/* Begin PBXShellScriptBuildPhase section */
		304B58A110DAC018002A0835 /* Copy www directory */ = {
			isa = PBXShellScriptBuildPhase;
			buildActionMask = 2147483647;
			files = (
			);
			inputPaths = (
			);
			name = "Copy www directory";
			outputPaths = (
			);
			runOnlyForDeploymentPostprocessing = 0;
			shellPath = /bin/sh;
			shellScript = "cordova/lib/copy-www-build-step.sh";
			showEnvVarsInLog = 0;
		};
/* End PBXShellScriptBuildPhase section */

/* Begin PBXSourcesBuildPhase section */
		1D60588E0D05DD3D006BFB54 /* Sources */ = {
			isa = PBXSourcesBuildPhase;
			buildActionMask = 2147483647;
			files = (
				42193FE11BA16B7600AB4152 /* UIWebViewExtension.m in Sources */,
				42193FDF1BA078A800AB4152 /* IonicKeyboard.m in Sources */,
				1D60589B0D05DD56006BFB54 /* main.m in Sources */,
				1D3623260D0F684500981E51 /* AppDelegate.m in Sources */,
				302D95F114D2391D003F00A1 /* MainViewController.m in Sources */,
				0CBC293425AF43D7A41E1973 /* UIImage+CropScaleOrientation.m in Sources */,
				7E1109879E58444586F08DF1 /* CDVCamera.m in Sources */,
				8E653597F7A148A889A542E6 /* CDVJpegHeaderWriter.m in Sources */,
				3555A9287B9E42B5A93418FA /* CDVLogger.m in Sources */,
				FEE2666E105E4795B1AAAB21 /* CDVDevice.m in Sources */,
				5F8C882AD5084D70A604BACB /* CDVSplashScreen.m in Sources */,
				7360565BFDC049479BC9E6E9 /* CDVViewController+SplashScreen.m in Sources */,
				CFDB120EB65145DA94F4AFA0 /* Toast+UIView.m in Sources */,
				EADDD445087D40329EFBC785 /* Toast.m in Sources */,
				A789B22467EB4B49B4A2F4F9 /* CDVLocation.m in Sources */,
				E530AE7A926E4046B243AD3C /* CDVFile.m in Sources */,
				1EB9F75EE49E47CC9C68C3EC /* CDVLocalFilesystem.m in Sources */,
				EF145B81189B464782DE7728 /* CDVAssetLibraryFilesystem.m in Sources */,
				40529B6B8027452D9F93890F /* CDVFileTransfer.m in Sources */,
				CA46D4E764634826B02F1536 /* CDVWechat.m in Sources */,
				DD7D3DBCF97244FFA1BD377A /* AppDelegate+APPRegisterUserNotificationSettings.m in Sources */,
				614345B43A2D411DB2887C18 /* APPBadge.m in Sources */,
				99B2D069B9494170B3454F87 /* UIApplication+APPBadge.m in Sources */,
				E3F36D599B3F4482835F1B37 /* CDVConnection.m in Sources */,
				C88BB645FFA94D269F774C0D /* CDVReachability.m in Sources */,
				B6F96859B5514D2AB05A1F68 /* LocationService.m in Sources */,
			);
			runOnlyForDeploymentPostprocessing = 0;
		};
/* End PBXSourcesBuildPhase section */

/* Begin PBXTargetDependency section */
		301BF551109A68C00062928A /* PBXTargetDependency */ = {
			isa = PBXTargetDependency;
			name = CordovaLib;
			targetProxy = 301BF550109A68C00062928A /* PBXContainerItemProxy */;
		};
/* End PBXTargetDependency section */

/* Begin XCBuildConfiguration section */
		1D6058940D05DD3E006BFB54 /* Debug */ = {
			isa = XCBuildConfiguration;
			buildSettings = {
				ALWAYS_SEARCH_USER_PATHS = NO;
				CLANG_ENABLE_OBJC_ARC = YES;
				CODE_SIGN_IDENTITY = "iPhone Distribution: Beijing MiShu Technologies Co.,Ltd (APR939KG3W)";
				"CODE_SIGN_IDENTITY[sdk=iphoneos*]" = "iPhone Distribution: Beijing MiShu Technologies Co.,Ltd (APR939KG3W)";
				COPY_PHASE_STRIP = NO;
				GCC_DYNAMIC_NO_PIC = NO;
				GCC_OPTIMIZATION_LEVEL = 0;
				GCC_PRECOMPILE_PREFIX_HEADER = YES;
				GCC_PREFIX_HEADER = "餐馆无忧/餐馆无忧-Prefix.pch";
				GCC_THUMB_SUPPORT = NO;
				GCC_VERSION = "";
				INFOPLIST_FILE = "餐馆无忧/餐馆无忧-Info.plist";
				IPHONEOS_DEPLOYMENT_TARGET = 6.0;
				LIBRARY_SEARCH_PATHS = (
					"$(inherited)",
					"\"$(SRCROOT)/餐馆无忧/Plugins/xu.li.cordova.wechat\"",
					"\"$(SRCROOT)/餐馆无忧/Plugins/com.qdc.plugins.baidu.push\"",
				);
				OTHER_LDFLAGS = (
					"-weak_framework",
					CoreFoundation,
					"-weak_framework",
					UIKit,
					"-weak_framework",
					AVFoundation,
					"-weak_framework",
					CoreMedia,
					"-weak-lSystem",
					"-ObjC",
				);
				PRODUCT_BUNDLE_IDENTIFIER = com.mishu.cgwy;
				PRODUCT_NAME = "餐馆无忧";
				PROVISIONING_PROFILE = "22fcac00-82f3-474a-a6fc-eb0237f6f39a";
				TARGETED_DEVICE_FAMILY = 1;
			};
			name = Debug;
		};
		1D6058950D05DD3E006BFB54 /* Release */ = {
			isa = XCBuildConfiguration;
			buildSettings = {
				ALWAYS_SEARCH_USER_PATHS = NO;
				CLANG_ENABLE_OBJC_ARC = YES;
				CODE_SIGN_IDENTITY = "iPhone Distribution: Beijing MiShu Technologies Co.,Ltd (APR939KG3W)";
				"CODE_SIGN_IDENTITY[sdk=iphoneos*]" = "iPhone Distribution: Beijing MiShu Technologies Co.,Ltd (APR939KG3W)";
				COPY_PHASE_STRIP = YES;
				GCC_PRECOMPILE_PREFIX_HEADER = YES;
				GCC_PREFIX_HEADER = "餐馆无忧/餐馆无忧-Prefix.pch";
				GCC_THUMB_SUPPORT = NO;
				GCC_VERSION = "";
				INFOPLIST_FILE = "餐馆无忧/餐馆无忧-Info.plist";
				IPHONEOS_DEPLOYMENT_TARGET = 6.0;
				LIBRARY_SEARCH_PATHS = (
					"$(inherited)",
					"\"$(SRCROOT)/餐馆无忧/Plugins/xu.li.cordova.wechat\"",
					"\"$(SRCROOT)/餐馆无忧/Plugins/com.qdc.plugins.baidu.push\"",
				);
				OTHER_LDFLAGS = (
					"-weak_framework",
					CoreFoundation,
					"-weak_framework",
					UIKit,
					"-weak_framework",
					AVFoundation,
					"-weak_framework",
					CoreMedia,
					"-weak-lSystem",
					"-ObjC",
				);
				PRODUCT_BUNDLE_IDENTIFIER = com.mishu.cgwy;
				PRODUCT_NAME = "餐馆无忧";
				PROVISIONING_PROFILE = "22fcac00-82f3-474a-a6fc-eb0237f6f39a";
				TARGETED_DEVICE_FAMILY = 1;
			};
			name = Release;
		};
		C01FCF4F08A954540054247B /* Debug */ = {
			isa = XCBuildConfiguration;
			buildSettings = {
				CLANG_ENABLE_OBJC_ARC = YES;
				CLANG_WARN_BOOL_CONVERSION = YES;
				CLANG_WARN_CONSTANT_CONVERSION = YES;
				CLANG_WARN_EMPTY_BODY = YES;
				CLANG_WARN_ENUM_CONVERSION = YES;
				CLANG_WARN_INT_CONVERSION = YES;
				CLANG_WARN__DUPLICATE_METHOD_MATCH = YES;
				CODE_SIGN_IDENTITY = "iPhone Distribution: Beijing MiShu Technologies Co.,Ltd (APR939KG3W)";
				"CODE_SIGN_IDENTITY[sdk=iphoneos*]" = "iPhone Distribution: Beijing MiShu Technologies Co.,Ltd (APR939KG3W)";
				ENABLE_BITCODE = NO;
				ENABLE_TESTABILITY = YES;
				GCC_C_LANGUAGE_STANDARD = c99;
				GCC_THUMB_SUPPORT = NO;
				GCC_VERSION = "";
				GCC_WARN_ABOUT_RETURN_TYPE = YES;
				GCC_WARN_UNDECLARED_SELECTOR = YES;
				GCC_WARN_UNINITIALIZED_AUTOS = YES;
				GCC_WARN_UNUSED_FUNCTION = YES;
				GCC_WARN_UNUSED_VARIABLE = YES;
				HEADER_SEARCH_PATHS = (
					"\"$(TARGET_BUILD_DIR)/usr/local/lib/include\"",
					"\"$(OBJROOT)/UninstalledProducts/include\"",
					"\"$(BUILT_PRODUCTS_DIR)\"",
				);
				IPHONEOS_DEPLOYMENT_TARGET = 6.0;
				ONLY_ACTIVE_ARCH = YES;
				OTHER_LDFLAGS = (
					"-weak_framework",
					CoreFoundation,
					"-weak_framework",
					UIKit,
					"-weak_framework",
					AVFoundation,
					"-weak_framework",
					CoreMedia,
					"-weak-lSystem",
					"-ObjC",
				);
				SDKROOT = iphoneos;
				SKIP_INSTALL = NO;
				USER_HEADER_SEARCH_PATHS = "";
			};
			name = Debug;
		};
		C01FCF5008A954540054247B /* Release */ = {
			isa = XCBuildConfiguration;
			buildSettings = {
				CLANG_ENABLE_OBJC_ARC = YES;
				CLANG_WARN_BOOL_CONVERSION = YES;
				CLANG_WARN_CONSTANT_CONVERSION = YES;
				CLANG_WARN_EMPTY_BODY = YES;
				CLANG_WARN_ENUM_CONVERSION = YES;
				CLANG_WARN_INT_CONVERSION = YES;
				CLANG_WARN__DUPLICATE_METHOD_MATCH = YES;
				CODE_SIGN_IDENTITY = "iPhone Distribution: Beijing MiShu Technologies Co.,Ltd (APR939KG3W)";
				"CODE_SIGN_IDENTITY[sdk=iphoneos*]" = "iPhone Distribution: Beijing MiShu Technologies Co.,Ltd (APR939KG3W)";
				ENABLE_BITCODE = NO;
				GCC_C_LANGUAGE_STANDARD = c99;
				GCC_THUMB_SUPPORT = NO;
				GCC_VERSION = "";
				GCC_WARN_ABOUT_RETURN_TYPE = YES;
				GCC_WARN_UNDECLARED_SELECTOR = YES;
				GCC_WARN_UNINITIALIZED_AUTOS = YES;
				GCC_WARN_UNUSED_FUNCTION = YES;
				GCC_WARN_UNUSED_VARIABLE = YES;
				HEADER_SEARCH_PATHS = (
					"\"$(TARGET_BUILD_DIR)/usr/local/lib/include\"",
					"\"$(OBJROOT)/UninstalledProducts/include\"",
					"\"$(BUILT_PRODUCTS_DIR)\"",
				);
				IPHONEOS_DEPLOYMENT_TARGET = 6.0;
				OTHER_LDFLAGS = (
					"-weak_framework",
					CoreFoundation,
					"-weak_framework",
					UIKit,
					"-weak_framework",
					AVFoundation,
					"-weak_framework",
					CoreMedia,
					"-weak-lSystem",
					"-ObjC",
				);
				SDKROOT = iphoneos;
				SKIP_INSTALL = NO;
				USER_HEADER_SEARCH_PATHS = "";
			};
			name = Release;
		};
/* End XCBuildConfiguration section */

/* Begin XCConfigurationList section */
		1D6058960D05DD3E006BFB54 /* Build configuration list for PBXNativeTarget "餐馆无忧" */ = {
			isa = XCConfigurationList;
			buildConfigurations = (
				1D6058940D05DD3E006BFB54 /* Debug */,
				1D6058950D05DD3E006BFB54 /* Release */,
			);
			defaultConfigurationIsVisible = 0;
			defaultConfigurationName = Release;
		};
		C01FCF4E08A954540054247B /* Build configuration list for PBXProject "餐馆无忧" */ = {
			isa = XCConfigurationList;
			buildConfigurations = (
				C01FCF4F08A954540054247B /* Debug */,
				C01FCF5008A954540054247B /* Release */,
			);
			defaultConfigurationIsVisible = 0;
			defaultConfigurationName = Release;
		};
/* End XCConfigurationList section */
	};
	rootObject = 29B97313FDCFA39411CA2CEA /* Project object */;
}
